Microsoft Visual Studio Solution File, Format Version 11.00
# Visual Studio 2008

Project("{C597161D-7086-C29C-979D-E7BEB67D4B69}") = "SimpleVR", "Assembly-CSharp.csproj", "{B71D9681-E8EC-C9F6-B88C-5BBCA65CB206}"
EndProject
Project("{C597161D-7086-C29C-979D-E7BEB67D4B69}") = "SimpleVR", "Assembly-CSharp-Editor.csproj", "{76B8CE82-2BAC-7A6B-118A-CCF0BCD79F7A}"
EndProject
Global
	GlobalSection(SolutionConfigurationPlatforms) = preSolution
		Debug|Any CPU = Debug|Any CPU
		Release|Any CPU = Release|Any CPU
	EndGlobalSection
	GlobalSection(ProjectConfigurationPlatforms) = postSolution
		{B71D9681-E8EC-C9F6-B88C-5BBCA65CB206}.Debug|Any CPU.ActiveCfg = Debug|Any CPU
		{B71D9681-E8EC-C9F6-B88C-5BBCA65CB206}.Debug|Any CPU.Build.0 = Debug|Any CPU
		{B71D9681-E8EC-C9F6-B88C-5BBCA65CB206}.Release|Any CPU.ActiveCfg = Release|Any CPU
		{B71D9681-E8EC-C9F6-B88C-5BBCA65CB206}.Release|Any CPU.Build.0 = Release|Any CPU
		{76B8CE82-2BAC-7A6B-118A-CCF0BCD79F7A}.Debug|Any CPU.ActiveCfg = Debug|Any CPU
		{76B8CE82-2BAC-7A6B-118A-CCF0BCD79F7A}.Debug|Any CPU.Build.0 = Debug|Any CPU
		{76B8CE82-2BAC-7A6B-118A-CCF0BCD79F7A}.Release|Any CPU.ActiveCfg = Release|Any CPU
		{76B8CE82-2BAC-7A6B-118A-CCF0BCD79F7A}.Release|Any CPU.Build.0 = Release|Any CPU
	EndGlobalSection
	GlobalSection(SolutionProperties) = preSolution
		HideSolutionNode = FALSE
	EndGlobalSection
	GlobalSection(MonoDevelopProperties) = preSolution
		StartupItem = Assembly-CSharp.csproj
	EndGlobalSection
EndGlobal
